
Microsoft Visual Studio Solution File, Format Version 12.00
# Visual Studio Version 16
VisualStudioVersion = 16.0.29521.150
MinimumVisualStudioVersion = 10.0.40219.1
Project("{FAE04EC0-301F-11D3-BF4B-00C04F79EFBC}") = "Lands.UWP", "Lands\Lands.UWP\Lands.UWP.csproj", "{7378E455-DBE7-4709-BA19-7472103F046C}"
EndProject
Project("{FAE04EC0-301F-11D3-BF4B-00C04F79EFBC}") = "Lands.Android", "Lands\Lands.Android\Lands.Android.csproj", "{6C5DAE70-012B-4A15-ABF9-5019E4FFE6C6}"
EndProject
Project("{FAE04EC0-301F-11D3-BF4B-00C04F79EFBC}") = "Lands.iOS", "Lands\Lands.iOS\Lands.iOS.csproj", "{5A58AFB3-513B-4862-9312-9473F72CD08B}"
EndProject
Project("{FAE04EC0-301F-11D3-BF4B-00C04F79EFBC}") = "Lands", "Lands\Lands\Lands.csproj", "{3A6E6CE9-2F31-4364-9F10-20944951FABB}"
EndProject
Global
	GlobalSection(SolutionConfigurationPlatforms) = preSolution
		Debug|Any CPU = Debug|Any CPU
		Debug|ARM = Debug|ARM
		Debug|iPhone = Debug|iPhone
		Debug|iPhoneSimulator = Debug|iPhoneSimulator
		Debug|x64 = Debug|x64
		Debug|x86 = Debug|x86
		Release|Any CPU = Release|Any CPU
		Release|ARM = Release|ARM
		Release|iPhone = Release|iPhone
		Release|iPhoneSimulator = Release|iPhoneSimulator
		Release|x64 = Release|x64
		Release|x86 = Release|x86
	EndGlobalSection
	GlobalSection(ProjectConfigurationPlatforms) = postSolution
		{7378E455-DBE7-4709-BA19-7472103F046C}.Debug|Any CPU.ActiveCfg = Debug|x86
		{7378E455-DBE7-4709-BA19-7472103F046C}.Debug|Any CPU.Build.0 = Debug|x86
		{7378E455-DBE7-4709-BA19-7472103F046C}.Debug|Any CPU.Deploy.0 = Debug|x86
		{7378E455-DBE7-4709-BA19-7472103F046C}.Debug|ARM.ActiveCfg = Debug|ARM
		{7378E455-DBE7-4709-BA19-7472103F046C}.Debug|ARM.Build.0 = Debug|ARM
		{7378E455-DBE7-4709-BA19-7472103F046C}.Debug|ARM.Deploy.0 = Debug|ARM
		{7378E455-DBE7-4709-BA19-7472103F046C}.Debug|iPhone.ActiveCfg = Debug|x86
		{7378E455-DBE7-4709-BA19-7472103F046C}.Debug|iPhone.Build.0 = Debug|x86
		{7378E455-DBE7-4709-BA19-7472103F046C}.Debug|iPhone.Deploy.0 = Debug|x86
		{7378E455-DBE7-4709-BA19-7472103F046C}.Debug|iPhoneSimulator.ActiveCfg = Debug|x86
		{7378E455-DBE7-4709-BA19-7472103F046C}.Debug|iPhoneSimulator.Build.0 = Debug|x86
		{7378E455-DBE7-4709-BA19-7472103F046C}.Debug|iPhoneSimulator.Deploy.0 = Debug|x86
		{7378E455-DBE7-4709-BA19-7472103F046C}.Debug|x64.ActiveCfg = Debug|x64
		{7378E455-DBE7-4709-BA19-7472103F046C}.Debug|x64.Build.0 = Debug|x64
		{7378E455-DBE7-4709-BA19-7472103F046C}.Debug|x64.Deploy.0 = Debug|x64
		{7378E455-DBE7-4709-BA19-7472103F046C}.Debug|x86.ActiveCfg = Debug|x86
		{7378E455-DBE7-4709-BA19-7472103F046C}.Debug|x86.Build.0 = Debug|x86
		{7378E455-DBE7-4709-BA19-7472103F046C}.Debug|x86.Deploy.0 = Debug|x86
		{7378E455-DBE7-4709-BA19-7472103F046C}.Release|Any CPU.ActiveCfg = Release|x86
		{7378E455-DBE7-4709-BA19-7472103F046C}.Release|Any CPU.Build.0 = Release|x86
		{7378E455-DBE7-4709-BA19-7472103F046C}.Release|Any CPU.Deploy.0 = Release|x86
		{7378E455-DBE7-4709-BA19-7472103F046C}.Release|ARM.ActiveCfg = Release|ARM
		{7378E455-DBE7-4709-BA19-7472103F046C}.Release|ARM.Build.0 = Release|ARM
		{7378E455-DBE7-4709-BA19-7472103F046C}.Release|ARM.Deploy.0 = Release|ARM
		{7378E455-DBE7-4709-BA19-7472103F046C}.Release|iPhone.ActiveCfg = Release|x86
		{7378E455-DBE7-4709-BA19-7472103F046C}.Release|iPhone.Build.0 = Release|x86
		{7378E455-DBE7-4709-BA19-7472103F046C}.Release|iPhone.Deploy.0 = Release|x86
		{7378E455-DBE7-4709-BA19-7472103F046C}.Release|iPhoneSimulator.ActiveCfg = Release|x86
		{7378E455-DBE7-4709-BA19-7472103F046C}.Release|iPhoneSimulator.Build.0 = Release|x86
		{7378E455-DBE7-4709-BA19-7472103F046C}.Release|iPhoneSimulator.Deploy.0 = Release|x86
		{7378E455-DBE7-4709-BA19-7472103F046C}.Release|x64.ActiveCfg = Release|x64
		{7378E455-DBE7-4709-BA19-7472103F046C}.Release|x64.Build.0 = Release|x64
		{7378E455-DBE7-4709-BA19-7472103F046C}.Release|x64.Deploy.0 = Release|x64
		{7378E455-DBE7-4709-BA19-7472103F046C}.Release|x86.ActiveCfg = Release|x86
		{7378E455-DBE7-4709-BA19-7472103F046C}.Release|x86.Build.0 = Release|x86
		{7378E455-DBE7-4709-BA19-7472103F046C}.Release|x86.Deploy.0 = Release|x86
		{6C5DAE70-012B-4A15-ABF9-5019E4FFE6C6}.Debug|Any CPU.ActiveCfg = Debug|Any CPU
		{6C5DAE70-012B-4A15-ABF9-5019E4FFE6C6}.Debug|Any CPU.Build.0 = Debug|Any CPU
		{6C5DAE70-012B-4A15-ABF9-5019E4FFE6C6}.Debug|Any CPU.Deploy.0 = Debug|Any CPU
		{6C5DAE70-012B-4A15-ABF9-5019E4FFE6C6}.Debug|ARM.ActiveCfg = Debug|Any CPU
		{6C5DAE70-012B-4A15-ABF9-5019E4FFE6C6}.Debug|ARM.Build.0 = Debug|Any CPU
		{6C5DAE70-012B-4A15-ABF9-5019E4FFE6C6}.Debug|ARM.Deploy.0 = Debug|Any CPU
		{6C5DAE70-012B-4A15-ABF9-5019E4FFE6C6}.Debug|iPhone.ActiveCfg = Debug|Any CPU
		{6C5DAE70-012B-4A15-ABF9-5019E4FFE6C6}.Debug|iPhone.Build.0 = Debug|Any CPU
		{6C5DAE70-012B-4A15-ABF9-5019E4FFE6C6}.Debug|iPhone.Deploy.0 = Debug|Any CPU
		{6C5DAE70-012B-4A15-ABF9-5019E4FFE6C6}.Debug|iPhoneSimulator.ActiveCfg = Debug|Any CPU
		{6C5DAE70-012B-4A15-ABF9-5019E4FFE6C6}.Debug|iPhoneSimulator.Build.0 = Debug|Any CPU
		{6C5DAE70-012B-4A15-ABF9-5019E4FFE6C6}.Debug|iPhoneSimulator.Deploy.0 = Debug|Any CPU
		{6C5DAE70-012B-4A15-ABF9-5019E4FFE6C6}.Debug|x64.ActiveCfg = Debug|Any CPU
		{6C5DAE70-012B-4A15-ABF9-5019E4FFE6C6}.Debug|x64.Build.0 = Debug|Any CPU
		{6C5DAE70-012B-4A15-ABF9-5019E4FFE6C6}.Debug|x64.Deploy.0 = Debug|Any CPU
		{6C5DAE70-012B-4A15-ABF9-5019E4FFE6C6}.Debug|x86.ActiveCfg = Debug|Any CPU
		{6C5DAE70-012B-4A15-ABF9-5019E4FFE6C6}.Debug|x86.Build.0 = Debug|Any CPU
		{6C5DAE70-012B-4A15-ABF9-5019E4FFE6C6}.Debug|x86.Deploy.0 = Debug|Any CPU
		{6C5DAE70-012B-4A15-ABF9-5019E4FFE6C6}.Release|Any CPU.ActiveCfg = Release|Any CPU
		{6C5DAE70-012B-4A15-ABF9-5019E4FFE6C6}.Release|Any CPU.Build.0 = Release|Any CPU
		{6C5DAE70-012B-4A15-ABF9-5019E4FFE6C6}.Release|Any CPU.Deploy.0 = Release|Any CPU
		{6C5DAE70-012B-4A15-ABF9-5019E4FFE6C6}.Release|ARM.ActiveCfg = Release|Any CPU
		{6C5DAE70-012B-4A15-ABF9-5019E4FFE6C6}.Release|ARM.Build.0 = Release|Any CPU
		{6C5DAE70-012B-4A15-ABF9-5019E4FFE6C6}.Release|ARM.Deploy.0 = Release|Any CPU
		{6C5DAE70-012B-4A15-ABF9-5019E4FFE6C6}.Release|iPhone.ActiveCfg = Release|Any CPU
		{6C5DAE70-012B-4A15-ABF9-5019E4FFE6C6}.Release|iPhone.Build.0 = Release|Any CPU
		{6C5DAE70-012B-4A15-ABF9-5019E4FFE6C6}.Release|iPhone.Deploy.0 = Release|Any CPU
		{6C5DAE70-012B-4A15-ABF9-5019E4FFE6C6}.Release|iPhoneSimulator.ActiveCfg = Release|Any CPU
		{6C5DAE70-012B-4A15-ABF9-5019E4FFE6C6}.Release|iPhoneSimulator.Build.0 = Release|Any CPU
		{6C5DAE70-012B-4A15-ABF9-5019E4FFE6C6}.Release|iPhoneSimulator.Deploy.0 = Release|Any CPU
		{6C5DAE70-012B-4A15-ABF9-5019E4FFE6C6}.Release|x64.ActiveCfg = Release|Any CPU
		{6C5DAE70-012B-4A15-ABF9-5019E4FFE6C6}.Release|x64.Build.0 = Release|Any CPU
		{6C5DAE70-012B-4A15-ABF9-5019E4FFE6C6}.Release|x64.Deploy.0 = Release|Any CPU
		{6C5DAE70-012B-4A15-ABF9-5019E4FFE6C6}.Release|x86.ActiveCfg = Release|Any CPU
		{6C5DAE70-012B-4A15-ABF9-5019E4FFE6C6}.Release|x86.Build.0 = Release|Any CPU
		{6C5DAE70-012B-4A15-ABF9-5019E4FFE6C6}.Release|x86.Deploy.0 = Release|Any CPU
		{5A58AFB3-513B-4862-9312-9473F72CD08B}.Debug|Any CPU.ActiveCfg = Debug|iPhone
		{5A58AFB3-513B-4862-9312-9473F72CD08B}.Debug|Any CPU.Build.0 = Debug|iPhone
		{5A58AFB3-513B-4862-9312-9473F72CD08B}.Debug|Any CPU.Deploy.0 = Debug|iPhone
		{5A58AFB3-513B-4862-9312-9473F72CD08B}.Debug|ARM.ActiveCfg = Debug|iPhoneSimulator
		{5A58AFB3-513B-4862-9312-9473F72CD08B}.Debug|ARM.Build.0 = Debug|iPhoneSimulator
		{5A58AFB3-513B-4862-9312-9473F72CD08B}.Debug|ARM.Deploy.0 = Debug|iPhoneSimulator
		{5A58AFB3-513B-4862-9312-9473F72CD08B}.Debug|iPhone.ActiveCfg = Debug|iPhone
		{5A58AFB3-513B-4862-9312-9473F72CD08B}.Debug|iPhone.Build.0 = Debug|iPhone
		{5A58AFB3-513B-4862-9312-9473F72CD08B}.Debug|iPhone.Deploy.0 = Debug|iPhone
		{5A58AFB3-513B-4862-9312-9473F72CD08B}.Debug|iPhoneSimulator.ActiveCfg = Debug|iPhoneSimulator
		{5A58AFB3-513B-4862-9312-9473F72CD08B}.Debug|iPhoneSimulator.Build.0 = Debug|iPhoneSimulator
		{5A58AFB3-513B-4862-9312-9473F72CD08B}.Debug|iPhoneSimulator.Deploy.0 = Debug|iPhoneSimulator
		{5A58AFB3-513B-4862-9312-9473F72CD08B}.Debug|x64.ActiveCfg = Debug|iPhone
		{5A58AFB3-513B-4862-9312-9473F72CD08B}.Debug|x64.Build.0 = Debug|iPhone
		{5A58AFB3-513B-4862-9312-9473F72CD08B}.Debug|x64.Deploy.0 = Debug|iPhone
		{5A58AFB3-513B-4862-9312-9473F72CD08B}.Debug|x86.ActiveCfg = Debug|iPhone
		{5A58AFB3-513B-4862-9312-9473F72CD08B}.Debug|x86.Build.0 = Debug|iPhone
		{5A58AFB3-513B-4862-9312-9473F72CD08B}.Debug|x86.Deploy.0 = Debug|iPhone
		{5A58AFB3-513B-4862-9312-9473F72CD08B}.Release|Any CPU.ActiveCfg = Release|iPhone
		{5A58AFB3-513B-4862-9312-9473F72CD08B}.Release|Any CPU.Build.0 = Release|iPhone
		{5A58AFB3-513B-4862-9312-9473F72CD08B}.Release|Any CPU.Deploy.0 = Release|iPhone
		{5A58AFB3-513B-4862-9312-9473F72CD08B}.Release|ARM.ActiveCfg = Release|iPhone
		{5A58AFB3-513B-4862-9312-9473F72CD08B}.Release|ARM.Build.0 = Release|iPhone
		{5A58AFB3-513B-4862-9312-9473F72CD08B}.Release|ARM.Deploy.0 = Release|iPhone
		{5A58AFB3-513B-4862-9312-9473F72CD08B}.Release|iPhone.ActiveCfg = Release|iPhone
		{5A58AFB3-513B-4862-9312-9473F72CD08B}.Release|iPhone.Build.0 = Release|iPhone
		{5A58AFB3-513B-4862-9312-9473F72CD08B}.Release|iPhone.Deploy.0 = Release|iPhone
		{5A58AFB3-513B-4862-9312-9473F72CD08B}.Release|iPhoneSimulator.ActiveCfg = Release|iPhoneSimulator
		{5A58AFB3-513B-4862-9312-9473F72CD08B}.Release|iPhoneSimulator.Build.0 = Release|iPhoneSimulator
		{5A58AFB3-513B-4862-9312-9473F72CD08B}.Release|iPhoneSimulator.Deploy.0 = Release|iPhoneSimulator
		{5A58AFB3-513B-4862-9312-9473F72CD08B}.Release|x64.ActiveCfg = Release|iPhone
		{5A58AFB3-513B-4862-9312-9473F72CD08B}.Release|x64.Build.0 = Release|iPhone
		{5A58AFB3-513B-4862-9312-9473F72CD08B}.Release|x64.Deploy.0 = Release|iPhone
		{5A58AFB3-513B-4862-9312-9473F72CD08B}.Release|x86.ActiveCfg = Release|iPhone
		{5A58AFB3-513B-4862-9312-9473F72CD08B}.Release|x86.Build.0 = Release|iPhone
		{5A58AFB3-513B-4862-9312-9473F72CD08B}.Release|x86.Deploy.0 = Release|iPhone
		{3A6E6CE9-2F31-4364-9F10-20944951FABB}.Debug|Any CPU.ActiveCfg = Debug|Any CPU
		{3A6E6CE9-2F31-4364-9F10-20944951FABB}.Debug|Any CPU.Build.0 = Debug|Any CPU
		{3A6E6CE9-2F31-4364-9F10-20944951FABB}.Debug|Any CPU.Deploy.0 = Debug|Any CPU
		{3A6E6CE9-2F31-4364-9F10-20944951FABB}.Debug|ARM.ActiveCfg = Debug|Any CPU
		{3A6E6CE9-2F31-4364-9F10-20944951FABB}.Debug|ARM.Build.0 = Debug|Any CPU
		{3A6E6CE9-2F31-4364-9F10-20944951FABB}.Debug|ARM.Deploy.0 = Debug|Any CPU
		{3A6E6CE9-2F31-4364-9F10-20944951FABB}.Debug|iPhone.ActiveCfg = Debug|Any CPU
		{3A6E6CE9-2F31-4364-9F10-20944951FABB}.Debug|iPhone.Build.0 = Debug|Any CPU
		{3A6E6CE9-2F31-4364-9F10-20944951FABB}.Debug|iPhone.Deploy.0 = Debug|Any CPU
		{3A6E6CE9-2F31-4364-9F10-20944951FABB}.Debug|iPhoneSimulator.ActiveCfg = Debug|Any CPU
		{3A6E6CE9-2F31-4364-9F10-20944951FABB}.Debug|iPhoneSimulator.Build.0 = Debug|Any CPU
		{3A6E6CE9-2F31-4364-9F10-20944951FABB}.Debug|iPhoneSimulator.Deploy.0 = Debug|Any CPU
		{3A6E6CE9-2F31-4364-9F10-20944951FABB}.Debug|x64.ActiveCfg = Debug|Any CPU
		{3A6E6CE9-2F31-4364-9F10-20944951FABB}.Debug|x64.Build.0 = Debug|Any CPU
		{3A6E6CE9-2F31-4364-9F10-20944951FABB}.Debug|x64.Deploy.0 = Debug|Any CPU
		{3A6E6CE9-2F31-4364-9F10-20944951FABB}.Debug|x86.ActiveCfg = Debug|Any CPU
		{3A6E6CE9-2F31-4364-9F10-20944951FABB}.Debug|x86.Build.0 = Debug|Any CPU
		{3A6E6CE9-2F31-4364-9F10-20944951FABB}.Debug|x86.Deploy.0 = Debug|Any CPU
		{3A6E6CE9-2F31-4364-9F10-20944951FABB}.Release|Any CPU.ActiveCfg = Release|Any CPU
		{3A6E6CE9-2F31-4364-9F10-20944951FABB}.Release|Any CPU.Build.0 = Release|Any CPU
		{3A6E6CE9-2F31-4364-9F10-20944951FABB}.Release|Any CPU.Deploy.0 = Release|Any CPU
		{3A6E6CE9-2F31-4364-9F10-20944951FABB}.Release|ARM.ActiveCfg = Release|Any CPU
		{3A6E6CE9-2F31-4364-9F10-20944951FABB}.Release|ARM.Build.0 = Release|Any CPU
		{3A6E6CE9-2F31-4364-9F10-20944951FABB}.Release|ARM.Deploy.0 = Release|Any CPU
		{3A6E6CE9-2F31-4364-9F10-20944951FABB}.Release|iPhone.ActiveCfg = Release|Any CPU
		{3A6E6CE9-2F31-4364-9F10-20944951FABB}.Release|iPhone.Build.0 = Release|Any CPU
		{3A6E6CE9-2F31-4364-9F10-20944951FABB}.Release|iPhone.Deploy.0 = Release|Any CPU
		{3A6E6CE9-2F31-4364-9F10-20944951FABB}.Release|iPhoneSimulator.ActiveCfg = Release|Any CPU
		{3A6E6CE9-2F31-4364-9F10-20944951FABB}.Release|iPhoneSimulator.Build.0 = Release|Any CPU
		{3A6E6CE9-2F31-4364-9F10-20944951FABB}.Release|iPhoneSimulator.Deploy.0 = Release|Any CPU
		{3A6E6CE9-2F31-4364-9F10-20944951FABB}.Release|x64.ActiveCfg = Release|Any CPU
		{3A6E6CE9-2F31-4364-9F10-20944951FABB}.Release|x64.Build.0 = Release|Any CPU
		{3A6E6CE9-2F31-4364-9F10-20944951FABB}.Release|x64.Deploy.0 = Release|Any CPU
		{3A6E6CE9-2F31-4364-9F10-20944951FABB}.Release|x86.ActiveCfg = Release|Any CPU
		{3A6E6CE9-2F31-4364-9F10-20944951FABB}.Release|x86.Build.0 = Release|Any CPU
		{3A6E6CE9-2F31-4364-9F10-20944951FABB}.Release|x86.Deploy.0 = Release|Any CPU
	EndGlobalSection
	GlobalSection(SolutionProperties) = preSolution
		HideSolutionNode = FALSE
	EndGlobalSection
	GlobalSection(ExtensibilityGlobals) = postSolution
		SolutionGuid = {4FBD5092-0D2D-411D-9144-A3EBCCD592C9}
	EndGlobalSection
EndGlobal
